
Microsoft Visual Studio Solution File, Format Version 12.00
# Visual Studio 15
VisualStudioVersion = 15.0.28307.168
MinimumVisualStudioVersion = 10.0.40219.1
Project("{FAE04EC0-301F-11D3-BF4B-00C04F79EFBC}") = "AE-Chat-Comp", "AE-Chat-Comp\AE-Chat-Comp.csproj", "{B8EF8510-C98A-45FA-B6EB-9715A0662963}"
EndProject
Global
	GlobalSection(SolutionConfigurationPlatforms) = preSolution
		Debug|Any CPU = Debug|Any CPU
		Release|Any CPU = Release|Any CPU
	EndGlobalSection
	GlobalSection(ProjectConfigurationPlatforms) = postSolution
		{B8EF8510-C98A-45FA-B6EB-9715A0662963}.Debug|Any CPU.ActiveCfg = Debug|Any CPU
		{B8EF8510-C98A-45FA-B6EB-9715A0662963}.Debug|Any CPU.Build.0 = Debug|Any CPU
		{B8EF8510-C98A-45FA-B6EB-9715A0662963}.Release|Any CPU.ActiveCfg = Release|Any CPU
		{B8EF8510-C98A-45FA-B6EB-9715A0662963}.Release|Any CPU.Build.0 = Release|Any CPU
	EndGlobalSection
	GlobalSection(SolutionProperties) = preSolution
		HideSolutionNode = FALSE
	EndGlobalSection
	GlobalSection(ExtensibilityGlobals) = postSolution
		SolutionGuid = {B6E82AAD-00D6-4F4F-B1C1-0384472D2A43}
	EndGlobalSection
EndGlobal
